// !$*UTF8*$!
{
	archiveVersion = 1;
	classes = {
	};
	objectVersion = 45;
	objects = {

/* Begin PBXBuildFile section */
		1D60589F0D05DD5A006BFB54 /* Foundation.framework in Frameworks */ = {isa = PBXBuildFile; fileRef = 1D30AB110D05D00D00671497 /* Foundation.framework */; };
		1DF5F4E00D08C38300B7A737 /* UIKit.framework in Frameworks */ = {isa = PBXBuildFile; fileRef = 1DF5F4DF0D08C38300B7A737 /* UIKit.framework */; };
		288765FD0DF74451002DB57D /* CoreGraphics.framework in Frameworks */ = {isa = PBXBuildFile; fileRef = 288765FC0DF74451002DB57D /* CoreGraphics.framework */; };
		5326AEA810A23A0500278DE6 /* CoreLocation.framework in Frameworks */ = {isa = PBXBuildFile; fileRef = 5326AEA710A23A0500278DE6 /* CoreLocation.framework */; };
		53F323EB10A20EDB00E0DAE4 /* OpenAL.framework in Frameworks */ = {isa = PBXBuildFile; fileRef = 53F323EA10A20EDB00E0DAE4 /* OpenAL.framework */; };
		BB16EBD20F2B2A9500518274 /* OpenGLES.framework in Frameworks */ = {isa = PBXBuildFile; fileRef = BB16EBD10F2B2A9500518274 /* OpenGLES.framework */; };
		BB16EBD90F2B2AB500518274 /* QuartzCore.framework in Frameworks */ = {isa = PBXBuildFile; fileRef = BB16EBD80F2B2AB500518274 /* QuartzCore.framework */; };
		BB24DDCA10DA781C00E9C588 /* ofxiphone-Info.plist in Resources */ = {isa = PBXBuildFile; fileRef = BB24DDC910DA781C00E9C588 /* ofxiphone-Info.plist */; };
		BBE5EAB80F49AD8400F28951 /* AudioToolbox.framework in Frameworks */ = {isa = PBXBuildFile; fileRef = BBE5EAB70F49AD8400F28951 /* AudioToolbox.framework */; };
		E41D3ED713B38FB500A75A5D /* Project.xcconfig in Resources */ = {isa = PBXBuildFile; fileRef = E41D3ED613B38FB500A75A5D /* Project.xcconfig */; };
		E41D3EE613B3906D00A75A5D /* CoreOF.xcconfig in Resources */ = {isa = PBXBuildFile; fileRef = E41D3EE513B3906D00A75A5D /* CoreOF.xcconfig */; };
		E41D400B13B39D2100A75A5D /* AVFoundation.framework in Frameworks */ = {isa = PBXBuildFile; fileRef = E41D400613B39D2100A75A5D /* AVFoundation.framework */; };
		E41D400C13B39D2100A75A5D /* CoreMedia.framework in Frameworks */ = {isa = PBXBuildFile; fileRef = E41D400713B39D2100A75A5D /* CoreMedia.framework */; };
		E41D400D13B39D2100A75A5D /* CoreVideo.framework in Frameworks */ = {isa = PBXBuildFile; fileRef = E41D400813B39D2100A75A5D /* CoreVideo.framework */; };
		E41D400E13B39D2100A75A5D /* MapKit.framework in Frameworks */ = {isa = PBXBuildFile; fileRef = E41D400913B39D2100A75A5D /* MapKit.framework */; };
		E41D421413B3A95300A75A5D /* libofxiPhone_iphoneos_Debug.a in Frameworks */ = {isa = PBXBuildFile; fileRef = E41D410213B3A0D800A75A5D /* libofxiPhone_iphoneos_Debug.a */; };
		E4A823A412561BE3002F86A2 /* CoreGraphics.framework in Frameworks */ = {isa = PBXBuildFile; fileRef = E4A823A312561BE3002F86A2 /* CoreGraphics.framework */; };
		E4D8936E11527B74007E1F53 /* main.mm in Sources */ = {isa = PBXBuildFile; fileRef = E4D8936B11527B74007E1F53 /* main.mm */; };
		E4D8936F11527B74007E1F53 /* testApp.mm in Sources */ = {isa = PBXBuildFile; fileRef = E4D8936D11527B74007E1F53 /* testApp.mm */; };
		EC0B146E1714F4E8006DDB40 /* image.cpp in Sources */ = {isa = PBXBuildFile; fileRef = EC0B146C1714F4E8006DDB40 /* image.cpp */; };
		EC0D8D1D175E7F5F00EEAEC3 /* saveMathOne.cpp in Sources */ = {isa = PBXBuildFile; fileRef = EC0D8D1B175E7F5F00EEAEC3 /* saveMathOne.cpp */; };
		EC2DEAA41729E262004F16DA /* uiCreate.cpp in Sources */ = {isa = PBXBuildFile; fileRef = EC2DEAA21729E262004F16DA /* uiCreate.cpp */; };
		EC2DEAA91729E4B1004F16DA /* uiPresent.cpp in Sources */ = {isa = PBXBuildFile; fileRef = EC2DEAA51729E4B1004F16DA /* uiPresent.cpp */; };
		EC2DEAAA1729E4B1004F16DA /* uiReflect.cpp in Sources */ = {isa = PBXBuildFile; fileRef = EC2DEAA71729E4B1004F16DA /* uiReflect.cpp */; };
		EC2DEAB01729E6C7004F16DA /* button.cpp in Sources */ = {isa = PBXBuildFile; fileRef = EC2DEAAC1729E6C7004F16DA /* button.cpp */; };
		EC2DEAB11729E6C7004F16DA /* nav.cpp in Sources */ = {isa = PBXBuildFile; fileRef = EC2DEAAE1729E6C7004F16DA /* nav.cpp */; };
		EC2DEAB51729E9B0004F16DA /* problemMathOne.cpp in Sources */ = {isa = PBXBuildFile; fileRef = EC2DEAB31729E9B0004F16DA /* problemMathOne.cpp */; };
		EC308C0617274A3600E0F06F /* ofxEasyRetina.mm in Sources */ = {isa = PBXBuildFile; fileRef = EC308C0017274A3600E0F06F /* ofxEasyRetina.mm */; };
		EC308C0717274A3600E0F06F /* ofxiOSEAGLView+retinaPatch.mm in Sources */ = {isa = PBXBuildFile; fileRef = EC308C0217274A3600E0F06F /* ofxiOSEAGLView+retinaPatch.mm */; };
		EC308C0817274A3600E0F06F /* ofxRetinaTrueTypeFont.mm in Sources */ = {isa = PBXBuildFile; fileRef = EC308C0517274A3600E0F06F /* ofxRetinaTrueTypeFont.mm */; };
		EC3113FE171F3893001D2F35 /* EDesignLabLogo72x72.png in Resources */ = {isa = PBXBuildFile; fileRef = EC3113FD171F3893001D2F35 /* EDesignLabLogo72x72.png */; };
		EC311400171F389B001D2F35 /* EDesignLabLogo144x144.png in Resources */ = {isa = PBXBuildFile; fileRef = EC3113FF171F389B001D2F35 /* EDesignLabLogo144x144.png */; };
		EC31140C171F3940001D2F35 /* Default-Portrait~ipad.png in Resources */ = {isa = PBXBuildFile; fileRef = EC31140B171F3940001D2F35 /* Default-Portrait~ipad.png */; };
		EC31140E171F3944001D2F35 /* Default-Portrait@2x~ipad.png in Resources */ = {isa = PBXBuildFile; fileRef = EC31140D171F3944001D2F35 /* Default-Portrait@2x~ipad.png */; };
		EC8D772C174E7389006F428F /* problemMathThree.cpp in Sources */ = {isa = PBXBuildFile; fileRef = EC8D7727174E7389006F428F /* problemMathThree.cpp */; };
		EC8D772D174E7389006F428F /* problemMathTwo.cpp in Sources */ = {isa = PBXBuildFile; fileRef = EC8D7729174E7389006F428F /* problemMathTwo.cpp */; };
		EC978E7617345146002A7612 /* flagState.cpp in Sources */ = {isa = PBXBuildFile; fileRef = EC978E7417345146002A7612 /* flagState.cpp */; };
		EC9D031E1713312200591838 /* drawing.cpp in Sources */ = {isa = PBXBuildFile; fileRef = EC9D031C1713312200591838 /* drawing.cpp */; };
		ECC7379B175D07A800C7DE79 /* splashSection.cpp in Sources */ = {isa = PBXBuildFile; fileRef = ECC73799175D07A800C7DE79 /* splashSection.cpp */; };
		ECCFA4A41715F2EB00C04311 /* text.cpp in Sources */ = {isa = PBXBuildFile; fileRef = ECCFA4A21715F2EB00C04311 /* text.cpp */; };
		ECDA3AD01714D4DD000036C2 /* tinyxml.cpp in Sources */ = {isa = PBXBuildFile; fileRef = ECDA3AC91714D4DD000036C2 /* tinyxml.cpp */; };
		ECDA3AD11714D4DD000036C2 /* tinyxmlerror.cpp in Sources */ = {isa = PBXBuildFile; fileRef = ECDA3ACB1714D4DD000036C2 /* tinyxmlerror.cpp */; };
		ECDA3AD21714D4DD000036C2 /* tinyxmlparser.cpp in Sources */ = {isa = PBXBuildFile; fileRef = ECDA3ACC1714D4DD000036C2 /* tinyxmlparser.cpp */; };
		ECDA3AD31714D4DD000036C2 /* ofxXmlSettings.cpp in Sources */ = {isa = PBXBuildFile; fileRef = ECDA3ACE1714D4DD000036C2 /* ofxXmlSettings.cpp */; };
		ECEE463817604B5900A167DD /* saveMathThree.cpp in Sources */ = {isa = PBXBuildFile; fileRef = ECEE463417604B5900A167DD /* saveMathThree.cpp */; };
		ECEE463917604B5900A167DD /* saveMathTwo.cpp in Sources */ = {isa = PBXBuildFile; fileRef = ECEE463617604B5900A167DD /* saveMathTwo.cpp */; };
		ECFFE939175CFAA500980F00 /* .gitignore in Resources */ = {isa = PBXBuildFile; fileRef = ECFFE92E175CFAA500980F00 /* .gitignore */; };
		ECFFE93A175CFAA500980F00 /* README.md in Resources */ = {isa = PBXBuildFile; fileRef = ECFFE92F175CFAA500980F00 /* README.md */; };
		ECFFE93B175CFAA500980F00 /* ofPanGestureRecognizer.m in Sources */ = {isa = PBXBuildFile; fileRef = ECFFE932175CFAA500980F00 /* ofPanGestureRecognizer.m */; };
		ECFFE93C175CFAA500980F00 /* ofPinchGestureRecognizer.m in Sources */ = {isa = PBXBuildFile; fileRef = ECFFE934175CFAA500980F00 /* ofPinchGestureRecognizer.m */; };
		ECFFE93D175CFAA500980F00 /* ofSwipeGestureRecognizer.m in Sources */ = {isa = PBXBuildFile; fileRef = ECFFE936175CFAA500980F00 /* ofSwipeGestureRecognizer.m */; };
		ECFFE93E175CFAA500980F00 /* ofTapGestureRecognizer.m in Sources */ = {isa = PBXBuildFile; fileRef = ECFFE938175CFAA500980F00 /* ofTapGestureRecognizer.m */; };
		ECFFE942175CFAC800980F00 /* splashNav.cpp in Sources */ = {isa = PBXBuildFile; fileRef = ECFFE940175CFAC800980F00 /* splashNav.cpp */; };
/* End PBXBuildFile section */

/* Begin PBXContainerItemProxy section */
		E41D410113B3A0D800A75A5D /* PBXContainerItemProxy */ = {
			isa = PBXContainerItemProxy;
			containerPortal = E41D40FD13B3A0D800A75A5D /* iOS+OFLib.xcodeproj */;
			proxyType = 2;
			remoteGlobalIDString = BB24DED610DA7A3F00E9C588;
			remoteInfo = "iPhone+OF Static Library";
		};
		E41D410313B3A11300A75A5D /* PBXContainerItemProxy */ = {
			isa = PBXContainerItemProxy;
			containerPortal = E41D40FD13B3A0D800A75A5D /* iOS+OFLib.xcodeproj */;
			proxyType = 1;
			remoteGlobalIDString = BB24DE5C10DA7A3F00E9C588;
			remoteInfo = "iPhone+OF Static Library";
		};
/* End PBXContainerItemProxy section */

/* Begin PBXFileReference section */
		1D30AB110D05D00D00671497 /* Foundation.framework */ = {isa = PBXFileReference; lastKnownFileType = wrapper.framework; name = Foundation.framework; path = System/Library/Frameworks/Foundation.framework; sourceTree = SDKROOT; };
		1D6058910D05DD3D006BFB54 /* Breadcrumbs.app */ = {isa = PBXFileReference; explicitFileType = wrapper.application; includeInIndex = 0; path = Breadcrumbs.app; sourceTree = BUILT_PRODUCTS_DIR; };
		1DF5F4DF0D08C38300B7A737 /* UIKit.framework */ = {isa = PBXFileReference; lastKnownFileType = wrapper.framework; name = UIKit.framework; path = System/Library/Frameworks/UIKit.framework; sourceTree = SDKROOT; };
		288765FC0DF74451002DB57D /* CoreGraphics.framework */ = {isa = PBXFileReference; lastKnownFileType = wrapper.framework; name = CoreGraphics.framework; path = System/Library/Frameworks/CoreGraphics.framework; sourceTree = SDKROOT; };
		32CA4F630368D1EE00C91783 /* iPhone_Prefix.pch */ = {isa = PBXFileReference; fileEncoding = 4; lastKnownFileType = sourcecode.c.h; path = iPhone_Prefix.pch; sourceTree = "<group>"; };
		5326AEA710A23A0500278DE6 /* CoreLocation.framework */ = {isa = PBXFileReference; lastKnownFileType = wrapper.framework; name = CoreLocation.framework; path = System/Library/Frameworks/CoreLocation.framework; sourceTree = SDKROOT; };
		53F323EA10A20EDB00E0DAE4 /* OpenAL.framework */ = {isa = PBXFileReference; lastKnownFileType = wrapper.framework; name = OpenAL.framework; path = System/Library/Frameworks/OpenAL.framework; sourceTree = SDKROOT; };
		BB16EBD10F2B2A9500518274 /* OpenGLES.framework */ = {isa = PBXFileReference; lastKnownFileType = wrapper.framework; name = OpenGLES.framework; path = System/Library/Frameworks/OpenGLES.framework; sourceTree = SDKROOT; };
		BB16EBD80F2B2AB500518274 /* QuartzCore.framework */ = {isa = PBXFileReference; lastKnownFileType = wrapper.framework; name = QuartzCore.framework; path = System/Library/Frameworks/QuartzCore.framework; sourceTree = SDKROOT; };
		BB24DDC910DA781C00E9C588 /* ofxiphone-Info.plist */ = {isa = PBXFileReference; fileEncoding = 4; lastKnownFileType = text.plist.xml; path = "ofxiphone-Info.plist"; sourceTree = "<group>"; };
		BBE5EAB70F49AD8400F28951 /* AudioToolbox.framework */ = {isa = PBXFileReference; lastKnownFileType = wrapper.framework; name = AudioToolbox.framework; path = System/Library/Frameworks/AudioToolbox.framework; sourceTree = SDKROOT; };
		E41D3ED613B38FB500A75A5D /* Project.xcconfig */ = {isa = PBXFileReference; fileEncoding = 4; lastKnownFileType = text.xcconfig; path = Project.xcconfig; sourceTree = "<group>"; };
		E41D3EE513B3906D00A75A5D /* CoreOF.xcconfig */ = {isa = PBXFileReference; fileEncoding = 4; lastKnownFileType = text.xcconfig; name = CoreOF.xcconfig; path = ../../../libs/openFrameworksCompiled/project/ios/CoreOF.xcconfig; sourceTree = SOURCE_ROOT; };
		E41D400613B39D2100A75A5D /* AVFoundation.framework */ = {isa = PBXFileReference; lastKnownFileType = wrapper.framework; name = AVFoundation.framework; path = System/Library/Frameworks/AVFoundation.framework; sourceTree = SDKROOT; };
		E41D400713B39D2100A75A5D /* CoreMedia.framework */ = {isa = PBXFileReference; lastKnownFileType = wrapper.framework; name = CoreMedia.framework; path = System/Library/Frameworks/CoreMedia.framework; sourceTree = SDKROOT; };
		E41D400813B39D2100A75A5D /* CoreVideo.framework */ = {isa = PBXFileReference; lastKnownFileType = wrapper.framework; name = CoreVideo.framework; path = System/Library/Frameworks/CoreVideo.framework; sourceTree = SDKROOT; };
		E41D400913B39D2100A75A5D /* MapKit.framework */ = {isa = PBXFileReference; lastKnownFileType = wrapper.framework; name = MapKit.framework; path = System/Library/Frameworks/MapKit.framework; sourceTree = SDKROOT; };
		E41D40FD13B3A0D800A75A5D /* iOS+OFLib.xcodeproj */ = {isa = PBXFileReference; lastKnownFileType = "wrapper.pb-project"; name = "iOS+OFLib.xcodeproj"; path = "../../../libs/openFrameworksCompiled/project/ios/iOS+OFLib.xcodeproj"; sourceTree = SOURCE_ROOT; };
		E4A823A312561BE3002F86A2 /* CoreGraphics.framework */ = {isa = PBXFileReference; lastKnownFileType = wrapper.framework; name = CoreGraphics.framework; path = System/Library/Frameworks/CoreGraphics.framework; sourceTree = SDKROOT; };
		E4D8936B11527B74007E1F53 /* main.mm */ = {isa = PBXFileReference; fileEncoding = 4; lastKnownFileType = sourcecode.cpp.objcpp; name = main.mm; path = src/main.mm; sourceTree = SOURCE_ROOT; };
		E4D8936C11527B74007E1F53 /* testApp.h */ = {isa = PBXFileReference; fileEncoding = 4; lastKnownFileType = sourcecode.c.h; name = testApp.h; path = src/testApp.h; sourceTree = SOURCE_ROOT; };
		E4D8936D11527B74007E1F53 /* testApp.mm */ = {isa = PBXFileReference; fileEncoding = 4; lastKnownFileType = sourcecode.cpp.objcpp; name = testApp.mm; path = src/testApp.mm; sourceTree = SOURCE_ROOT; };
		EC0B146C1714F4E8006DDB40 /* image.cpp */ = {isa = PBXFileReference; fileEncoding = 4; lastKnownFileType = sourcecode.cpp.cpp; name = image.cpp; path = src/tools/image.cpp; sourceTree = SOURCE_ROOT; };
		EC0B146D1714F4E8006DDB40 /* image.h */ = {isa = PBXFileReference; fileEncoding = 4; lastKnownFileType = sourcecode.c.h; name = image.h; path = src/tools/image.h; sourceTree = SOURCE_ROOT; };
		EC0D8D1B175E7F5F00EEAEC3 /* saveMathOne.cpp */ = {isa = PBXFileReference; fileEncoding = 4; lastKnownFileType = sourcecode.cpp.cpp; path = saveMathOne.cpp; sourceTree = "<group>"; };
		EC0D8D1C175E7F5F00EEAEC3 /* saveMathOne.h */ = {isa = PBXFileReference; fileEncoding = 4; lastKnownFileType = sourcecode.c.h; path = saveMathOne.h; sourceTree = "<group>"; };
		EC2DEAA21729E262004F16DA /* uiCreate.cpp */ = {isa = PBXFileReference; fileEncoding = 4; lastKnownFileType = sourcecode.cpp.cpp; path = uiCreate.cpp; sourceTree = "<group>"; };
		EC2DEAA31729E262004F16DA /* uiCreate.h */ = {isa = PBXFileReference; fileEncoding = 4; lastKnownFileType = sourcecode.c.h; path = uiCreate.h; sourceTree = "<group>"; };
		EC2DEAA51729E4B1004F16DA /* uiPresent.cpp */ = {isa = PBXFileReference; fileEncoding = 4; lastKnownFileType = sourcecode.cpp.cpp; path = uiPresent.cpp; sourceTree = "<group>"; };
		EC2DEAA61729E4B1004F16DA /* uiPresent.h */ = {isa = PBXFileReference; fileEncoding = 4; lastKnownFileType = sourcecode.c.h; path = uiPresent.h; sourceTree = "<group>"; };
		EC2DEAA71729E4B1004F16DA /* uiReflect.cpp */ = {isa = PBXFileReference; fileEncoding = 4; lastKnownFileType = sourcecode.cpp.cpp; path = uiReflect.cpp; sourceTree = "<group>"; };
		EC2DEAA81729E4B1004F16DA /* uiReflect.h */ = {isa = PBXFileReference; fileEncoding = 4; lastKnownFileType = sourcecode.c.h; path = uiReflect.h; sourceTree = "<group>"; };
		EC2DEAAC1729E6C7004F16DA /* button.cpp */ = {isa = PBXFileReference; fileEncoding = 4; lastKnownFileType = sourcecode.cpp.cpp; path = button.cpp; sourceTree = "<group>"; };
		EC2DEAAD1729E6C7004F16DA /* button.h */ = {isa = PBXFileReference; fileEncoding = 4; lastKnownFileType = sourcecode.c.h; path = button.h; sourceTree = "<group>"; };
		EC2DEAAE1729E6C7004F16DA /* nav.cpp */ = {isa = PBXFileReference; fileEncoding = 4; lastKnownFileType = sourcecode.cpp.cpp; path = nav.cpp; sourceTree = "<group>"; };
		EC2DEAAF1729E6C7004F16DA /* nav.h */ = {isa = PBXFileReference; fileEncoding = 4; lastKnownFileType = sourcecode.c.h; path = nav.h; sourceTree = "<group>"; };
		EC2DEAB31729E9B0004F16DA /* problemMathOne.cpp */ = {isa = PBXFileReference; fileEncoding = 4; lastKnownFileType = sourcecode.cpp.cpp; path = problemMathOne.cpp; sourceTree = "<group>"; };
		EC2DEAB41729E9B0004F16DA /* problemMathOne.h */ = {isa = PBXFileReference; fileEncoding = 4; lastKnownFileType = sourcecode.c.h; path = problemMathOne.h; sourceTree = "<group>"; };
		EC308BFF17274A3600E0F06F /* ofxEasyRetina.h */ = {isa = PBXFileReference; fileEncoding = 4; lastKnownFileType = sourcecode.c.h; path = ofxEasyRetina.h; sourceTree = "<group>"; };
		EC308C0017274A3600E0F06F /* ofxEasyRetina.mm */ = {isa = PBXFileReference; fileEncoding = 4; lastKnownFileType = sourcecode.cpp.objcpp; path = ofxEasyRetina.mm; sourceTree = "<group>"; };
		EC308C0117274A3600E0F06F /* ofxiOSEAGLView+retinaPatch.h */ = {isa = PBXFileReference; fileEncoding = 4; lastKnownFileType = sourcecode.c.h; path = "ofxiOSEAGLView+retinaPatch.h"; sourceTree = "<group>"; };
		EC308C0217274A3600E0F06F /* ofxiOSEAGLView+retinaPatch.mm */ = {isa = PBXFileReference; fileEncoding = 4; lastKnownFileType = sourcecode.cpp.objcpp; path = "ofxiOSEAGLView+retinaPatch.mm"; sourceTree = "<group>"; };
		EC308C0417274A3600E0F06F /* ofxRetinaTrueTypeFont.h */ = {isa = PBXFileReference; fileEncoding = 4; lastKnownFileType = sourcecode.c.h; path = ofxRetinaTrueTypeFont.h; sourceTree = "<group>"; };
		EC308C0517274A3600E0F06F /* ofxRetinaTrueTypeFont.mm */ = {isa = PBXFileReference; fileEncoding = 4; lastKnownFileType = sourcecode.cpp.objcpp; path = ofxRetinaTrueTypeFont.mm; sourceTree = "<group>"; };
		EC3113FD171F3893001D2F35 /* EDesignLabLogo72x72.png */ = {isa = PBXFileReference; lastKnownFileType = image.png; path = EDesignLabLogo72x72.png; sourceTree = "<group>"; };
		EC3113FF171F389B001D2F35 /* EDesignLabLogo144x144.png */ = {isa = PBXFileReference; lastKnownFileType = image.png; path = EDesignLabLogo144x144.png; sourceTree = "<group>"; };
		EC31140B171F3940001D2F35 /* Default-Portrait~ipad.png */ = {isa = PBXFileReference; lastKnownFileType = image.png; path = "Default-Portrait~ipad.png"; sourceTree = "<group>"; };
		EC31140D171F3944001D2F35 /* Default-Portrait@2x~ipad.png */ = {isa = PBXFileReference; lastKnownFileType = image.png; path = "Default-Portrait@2x~ipad.png"; sourceTree = "<group>"; };
		EC8D7727174E7389006F428F /* problemMathThree.cpp */ = {isa = PBXFileReference; fileEncoding = 4; lastKnownFileType = sourcecode.cpp.cpp; path = problemMathThree.cpp; sourceTree = "<group>"; };
		EC8D7728174E7389006F428F /* problemMathThree.h */ = {isa = PBXFileReference; fileEncoding = 4; lastKnownFileType = sourcecode.c.h; path = problemMathThree.h; sourceTree = "<group>"; };
		EC8D7729174E7389006F428F /* problemMathTwo.cpp */ = {isa = PBXFileReference; fileEncoding = 4; lastKnownFileType = sourcecode.cpp.cpp; path = problemMathTwo.cpp; sourceTree = "<group>"; };
		EC8D772A174E7389006F428F /* problemMathTwo.h */ = {isa = PBXFileReference; fileEncoding = 4; lastKnownFileType = sourcecode.c.h; path = problemMathTwo.h; sourceTree = "<group>"; };
		EC978E7417345146002A7612 /* flagState.cpp */ = {isa = PBXFileReference; fileEncoding = 4; lastKnownFileType = sourcecode.cpp.cpp; name = flagState.cpp; path = src/tools/flagState.cpp; sourceTree = SOURCE_ROOT; };
		EC978E7517345146002A7612 /* flagState.h */ = {isa = PBXFileReference; fileEncoding = 4; lastKnownFileType = sourcecode.c.h; name = flagState.h; path = src/tools/flagState.h; sourceTree = SOURCE_ROOT; };
		EC9D031C1713312200591838 /* drawing.cpp */ = {isa = PBXFileReference; fileEncoding = 4; lastKnownFileType = sourcecode.cpp.cpp; name = drawing.cpp; path = src/tools/drawing.cpp; sourceTree = SOURCE_ROOT; };
		EC9D031D1713312200591838 /* drawing.h */ = {isa = PBXFileReference; fileEncoding = 4; lastKnownFileType = sourcecode.c.h; name = drawing.h; path = src/tools/drawing.h; sourceTree = SOURCE_ROOT; };
		ECC73799175D07A800C7DE79 /* splashSection.cpp */ = {isa = PBXFileReference; fileEncoding = 4; lastKnownFileType = sourcecode.cpp.cpp; path = splashSection.cpp; sourceTree = "<group>"; };
		ECC7379A175D07A800C7DE79 /* splashSection.h */ = {isa = PBXFileReference; fileEncoding = 4; lastKnownFileType = sourcecode.c.h; path = splashSection.h; sourceTree = "<group>"; };
		ECCFA4A21715F2EB00C04311 /* text.cpp */ = {isa = PBXFileReference; fileEncoding = 4; lastKnownFileType = sourcecode.cpp.cpp; name = text.cpp; path = src/tools/text.cpp; sourceTree = SOURCE_ROOT; };
		ECCFA4A31715F2EB00C04311 /* text.h */ = {isa = PBXFileReference; fileEncoding = 4; lastKnownFileType = sourcecode.c.h; name = text.h; path = src/tools/text.h; sourceTree = SOURCE_ROOT; };
		ECDA3AC91714D4DD000036C2 /* tinyxml.cpp */ = {isa = PBXFileReference; fileEncoding = 4; lastKnownFileType = sourcecode.cpp.cpp; path = tinyxml.cpp; sourceTree = "<group>"; };
		ECDA3ACA1714D4DD000036C2 /* tinyxml.h */ = {isa = PBXFileReference; fileEncoding = 4; lastKnownFileType = sourcecode.c.h; path = tinyxml.h; sourceTree = "<group>"; };
		ECDA3ACB1714D4DD000036C2 /* tinyxmlerror.cpp */ = {isa = PBXFileReference; fileEncoding = 4; lastKnownFileType = sourcecode.cpp.cpp; path = tinyxmlerror.cpp; sourceTree = "<group>"; };
		ECDA3ACC1714D4DD000036C2 /* tinyxmlparser.cpp */ = {isa = PBXFileReference; fileEncoding = 4; lastKnownFileType = sourcecode.cpp.cpp; path = tinyxmlparser.cpp; sourceTree = "<group>"; };
		ECDA3ACE1714D4DD000036C2 /* ofxXmlSettings.cpp */ = {isa = PBXFileReference; fileEncoding = 4; lastKnownFileType = sourcecode.cpp.cpp; path = ofxXmlSettings.cpp; sourceTree = "<group>"; };
		ECDA3ACF1714D4DD000036C2 /* ofxXmlSettings.h */ = {isa = PBXFileReference; fileEncoding = 4; lastKnownFileType = sourcecode.c.h; path = ofxXmlSettings.h; sourceTree = "<group>"; };
		ECEE463417604B5900A167DD /* saveMathThree.cpp */ = {isa = PBXFileReference; fileEncoding = 4; lastKnownFileType = sourcecode.cpp.cpp; path = saveMathThree.cpp; sourceTree = "<group>"; };
		ECEE463517604B5900A167DD /* saveMathThree.h */ = {isa = PBXFileReference; fileEncoding = 4; lastKnownFileType = sourcecode.c.h; path = saveMathThree.h; sourceTree = "<group>"; };
		ECEE463617604B5900A167DD /* saveMathTwo.cpp */ = {isa = PBXFileReference; fileEncoding = 4; lastKnownFileType = sourcecode.cpp.cpp; path = saveMathTwo.cpp; sourceTree = "<group>"; };
		ECEE463717604B5900A167DD /* saveMathTwo.h */ = {isa = PBXFileReference; fileEncoding = 4; lastKnownFileType = sourcecode.c.h; path = saveMathTwo.h; sourceTree = "<group>"; };
		ECFFE92E175CFAA500980F00 /* .gitignore */ = {isa = PBXFileReference; fileEncoding = 4; lastKnownFileType = text; path = .gitignore; sourceTree = "<group>"; };
		ECFFE92F175CFAA500980F00 /* README.md */ = {isa = PBXFileReference; fileEncoding = 4; lastKnownFileType = text; path = README.md; sourceTree = "<group>"; };
		ECFFE931175CFAA500980F00 /* ofPanGestureRecognizer.h */ = {isa = PBXFileReference; fileEncoding = 4; lastKnownFileType = sourcecode.c.h; path = ofPanGestureRecognizer.h; sourceTree = "<group>"; };
		ECFFE932175CFAA500980F00 /* ofPanGestureRecognizer.m */ = {isa = PBXFileReference; fileEncoding = 4; lastKnownFileType = sourcecode.c.objc; path = ofPanGestureRecognizer.m; sourceTree = "<group>"; };
		ECFFE933175CFAA500980F00 /* ofPinchGestureRecognizer.h */ = {isa = PBXFileReference; fileEncoding = 4; lastKnownFileType = sourcecode.c.h; path = ofPinchGestureRecognizer.h; sourceTree = "<group>"; };
		ECFFE934175CFAA500980F00 /* ofPinchGestureRecognizer.m */ = {isa = PBXFileReference; fileEncoding = 4; lastKnownFileType = sourcecode.c.objc; path = ofPinchGestureRecognizer.m; sourceTree = "<group>"; };
		ECFFE935175CFAA500980F00 /* ofSwipeGestureRecognizer.h */ = {isa = PBXFileReference; fileEncoding = 4; lastKnownFileType = sourcecode.c.h; path = ofSwipeGestureRecognizer.h; sourceTree = "<group>"; };
		ECFFE936175CFAA500980F00 /* ofSwipeGestureRecognizer.m */ = {isa = PBXFileReference; fileEncoding = 4; lastKnownFileType = sourcecode.c.objc; path = ofSwipeGestureRecognizer.m; sourceTree = "<group>"; };
		ECFFE937175CFAA500980F00 /* ofTapGestureRecognizer.h */ = {isa = PBXFileReference; fileEncoding = 4; lastKnownFileType = sourcecode.c.h; path = ofTapGestureRecognizer.h; sourceTree = "<group>"; };
		ECFFE938175CFAA500980F00 /* ofTapGestureRecognizer.m */ = {isa = PBXFileReference; fileEncoding = 4; lastKnownFileType = sourcecode.c.objc; path = ofTapGestureRecognizer.m; sourceTree = "<group>"; };
		ECFFE940175CFAC800980F00 /* splashNav.cpp */ = {isa = PBXFileReference; fileEncoding = 4; lastKnownFileType = sourcecode.cpp.cpp; path = splashNav.cpp; sourceTree = "<group>"; };
		ECFFE941175CFAC800980F00 /* splashNav.h */ = {isa = PBXFileReference; fileEncoding = 4; lastKnownFileType = sourcecode.c.h; path = splashNav.h; sourceTree = "<group>"; };
/* End PBXFileReference section */

/* Begin PBXFrameworksBuildPhase section */
		1D60588F0D05DD3D006BFB54 /* Frameworks */ = {
			isa = PBXFrameworksBuildPhase;
			buildActionMask = 2147483647;
			files = (
				E41D421413B3A95300A75A5D /* libofxiPhone_iphoneos_Debug.a in Frameworks */,
				1D60589F0D05DD5A006BFB54 /* Foundation.framework in Frameworks */,
				1DF5F4E00D08C38300B7A737 /* UIKit.framework in Frameworks */,
				288765FD0DF74451002DB57D /* CoreGraphics.framework in Frameworks */,
				BB16EBD20F2B2A9500518274 /* OpenGLES.framework in Frameworks */,
				BB16EBD90F2B2AB500518274 /* QuartzCore.framework in Frameworks */,
				BBE5EAB80F49AD8400F28951 /* AudioToolbox.framework in Frameworks */,
				53F323EB10A20EDB00E0DAE4 /* OpenAL.framework in Frameworks */,
				5326AEA810A23A0500278DE6 /* CoreLocation.framework in Frameworks */,
				E4A823A412561BE3002F86A2 /* CoreGraphics.framework in Frameworks */,
				E41D400B13B39D2100A75A5D /* AVFoundation.framework in Frameworks */,
				E41D400C13B39D2100A75A5D /* CoreMedia.framework in Frameworks */,
				E41D400D13B39D2100A75A5D /* CoreVideo.framework in Frameworks */,
				E41D400E13B39D2100A75A5D /* MapKit.framework in Frameworks */,
			);
			runOnlyForDeploymentPostprocessing = 0;
		};
/* End PBXFrameworksBuildPhase section */

/* Begin PBXGroup section */
		19C28FACFE9D520D11CA2CBB /* Products */ = {
			isa = PBXGroup;
			children = (
				1D6058910D05DD3D006BFB54 /* Breadcrumbs.app */,
			);
			name = Products;
			sourceTree = "<group>";
		};
		29B97314FDCFA39411CA2CEA /* CustomTemplate */ = {
			isa = PBXGroup;
			children = (
				EC31140D171F3944001D2F35 /* Default-Portrait@2x~ipad.png */,
				EC31140B171F3940001D2F35 /* Default-Portrait~ipad.png */,
				EC3113FF171F389B001D2F35 /* EDesignLabLogo144x144.png */,
				EC3113FD171F3893001D2F35 /* EDesignLabLogo72x72.png */,
				E4D8936A11527B74007E1F53 /* src */,
				BB24E1F710DAA51900E9C588 /* openFrameworks */,
				BB16F26B0F2B646B00518274 /* addons */,
				BB16E9930F2B1E5900518274 /* libs */,
				19C28FACFE9D520D11CA2CBB /* Products */,
			);
			name = CustomTemplate;
			sourceTree = "<group>";
		};
		29B97323FDCFA39411CA2CEA /* core frameworks */ = {
			isa = PBXGroup;
			children = (
				E41D400613B39D2100A75A5D /* AVFoundation.framework */,
				E41D400713B39D2100A75A5D /* CoreMedia.framework */,
				E41D400813B39D2100A75A5D /* CoreVideo.framework */,
				E41D400913B39D2100A75A5D /* MapKit.framework */,
				53F323EA10A20EDB00E0DAE4 /* OpenAL.framework */,
				E4A823A312561BE3002F86A2 /* CoreGraphics.framework */,
				BBE5EAB70F49AD8400F28951 /* AudioToolbox.framework */,
				BB16EBD80F2B2AB500518274 /* QuartzCore.framework */,
				BB16EBD10F2B2A9500518274 /* OpenGLES.framework */,
				1DF5F4DF0D08C38300B7A737 /* UIKit.framework */,
				1D30AB110D05D00D00671497 /* Foundation.framework */,
				288765FC0DF74451002DB57D /* CoreGraphics.framework */,
				5326AEA710A23A0500278DE6 /* CoreLocation.framework */,
			);
			name = "core frameworks";
			sourceTree = "<group>";
		};
		BB16E9930F2B1E5900518274 /* libs */ = {
			isa = PBXGroup;
			children = (
				BBE5E94E0F497BD800F28951 /* core */,
			);
			name = libs;
			sourceTree = "<group>";
		};
		BB16F26B0F2B646B00518274 /* addons */ = {
			isa = PBXGroup;
			children = (
				ECFFE92D175CFAA500980F00 /* ofxGestureRecognizer */,
				EC308BFE17274A3600E0F06F /* ofxEasyRetina */,
				EC308C0317274A3600E0F06F /* ofxRetinaTrueTypeFont */,
				ECDA3AC71714D4DD000036C2 /* ofxXmlSettings */,
			);
			name = addons;
			sourceTree = "<group>";
		};
		BB24E1F710DAA51900E9C588 /* openFrameworks */ = {
			isa = PBXGroup;
			children = (
				E41D40FD13B3A0D800A75A5D /* iOS+OFLib.xcodeproj */,
				32CA4F630368D1EE00C91783 /* iPhone_Prefix.pch */,
				BB24DDC910DA781C00E9C588 /* ofxiphone-Info.plist */,
				E41D3EE513B3906D00A75A5D /* CoreOF.xcconfig */,
				E41D3ED613B38FB500A75A5D /* Project.xcconfig */,
			);
			name = openFrameworks;
			sourceTree = "<group>";
		};
		BBE5E94E0F497BD800F28951 /* core */ = {
			isa = PBXGroup;
			children = (
				29B97323FDCFA39411CA2CEA /* core frameworks */,
			);
			name = core;
			sourceTree = "<group>";
		};
		E41D40FE13B3A0D800A75A5D /* Products */ = {
			isa = PBXGroup;
			children = (
				E41D410213B3A0D800A75A5D /* libofxiPhone_iphoneos_Debug.a */,
			);
			name = Products;
			sourceTree = "<group>";
		};
		E4D8936A11527B74007E1F53 /* src */ = {
			isa = PBXGroup;
			children = (
				E4D8936B11527B74007E1F53 /* main.mm */,
				E4D8936D11527B74007E1F53 /* testApp.mm */,
				E4D8936C11527B74007E1F53 /* testApp.h */,
				EC2DEAAB1729E6C7004F16DA /* mainNav */,
				ECFFE93F175CFAC800980F00 /* splash */,
				EC2DEAB21729E9B0004F16DA /* problems */,
				EC2DEAA11729E262004F16DA /* stages */,
				ECA9A4A7170E45DE009F748E /* tools */,
			);
			path = src;
			sourceTree = SOURCE_ROOT;
		};
		EC2DEAA11729E262004F16DA /* stages */ = {
			isa = PBXGroup;
			children = (
				EC2DEAA21729E262004F16DA /* uiCreate.cpp */,
				EC2DEAA31729E262004F16DA /* uiCreate.h */,
				EC2DEAA71729E4B1004F16DA /* uiReflect.cpp */,
				EC2DEAA81729E4B1004F16DA /* uiReflect.h */,
				EC2DEAA51729E4B1004F16DA /* uiPresent.cpp */,
				EC2DEAA61729E4B1004F16DA /* uiPresent.h */,
			);
			path = stages;
			sourceTree = "<group>";
		};
		EC2DEAAB1729E6C7004F16DA /* mainNav */ = {
			isa = PBXGroup;
			children = (
				EC2DEAAC1729E6C7004F16DA /* button.cpp */,
				EC2DEAAD1729E6C7004F16DA /* button.h */,
				EC2DEAAE1729E6C7004F16DA /* nav.cpp */,
				EC2DEAAF1729E6C7004F16DA /* nav.h */,
			);
			path = mainNav;
			sourceTree = "<group>";
		};
		EC2DEAB21729E9B0004F16DA /* problems */ = {
			isa = PBXGroup;
			children = (
				EC2DEAB31729E9B0004F16DA /* problemMathOne.cpp */,
				EC2DEAB41729E9B0004F16DA /* problemMathOne.h */,
				EC8D7729174E7389006F428F /* problemMathTwo.cpp */,
				EC8D772A174E7389006F428F /* problemMathTwo.h */,
				EC8D7727174E7389006F428F /* problemMathThree.cpp */,
				EC8D7728174E7389006F428F /* problemMathThree.h */,
				EC0D8D1B175E7F5F00EEAEC3 /* saveMathOne.cpp */,
				EC0D8D1C175E7F5F00EEAEC3 /* saveMathOne.h */,
				ECEE463617604B5900A167DD /* saveMathTwo.cpp */,
				ECEE463717604B5900A167DD /* saveMathTwo.h */,
				ECEE463417604B5900A167DD /* saveMathThree.cpp */,
				ECEE463517604B5900A167DD /* saveMathThree.h */,
			);
			path = problems;
			sourceTree = "<group>";
		};
		EC308BFE17274A3600E0F06F /* ofxEasyRetina */ = {
			isa = PBXGroup;
			children = (
				EC308BFF17274A3600E0F06F /* ofxEasyRetina.h */,
				EC308C0017274A3600E0F06F /* ofxEasyRetina.mm */,
				EC308C0117274A3600E0F06F /* ofxiOSEAGLView+retinaPatch.h */,
				EC308C0217274A3600E0F06F /* ofxiOSEAGLView+retinaPatch.mm */,
			);
			name = ofxEasyRetina;
			path = ../../../addons/ofxEasyRetina;
			sourceTree = "<group>";
		};
		EC308C0317274A3600E0F06F /* ofxRetinaTrueTypeFont */ = {
			isa = PBXGroup;
			children = (
				EC308C0417274A3600E0F06F /* ofxRetinaTrueTypeFont.h */,
				EC308C0517274A3600E0F06F /* ofxRetinaTrueTypeFont.mm */,
			);
			name = ofxRetinaTrueTypeFont;
			path = ../../../addons/ofxRetinaTrueTypeFont;
			sourceTree = "<group>";
		};
		ECA9A4A7170E45DE009F748E /* tools */ = {
			isa = PBXGroup;
			children = (
				EC9D031C1713312200591838 /* drawing.cpp */,
				EC9D031D1713312200591838 /* drawing.h */,
				EC978E7417345146002A7612 /* flagState.cpp */,
				EC978E7517345146002A7612 /* flagState.h */,
				EC0B146C1714F4E8006DDB40 /* image.cpp */,
				EC0B146D1714F4E8006DDB40 /* image.h */,
				ECCFA4A21715F2EB00C04311 /* text.cpp */,
				ECCFA4A31715F2EB00C04311 /* text.h */,
			);
			name = tools;
			path = drawings;
			sourceTree = "<group>";
		};
		ECDA3AC71714D4DD000036C2 /* ofxXmlSettings */ = {
			isa = PBXGroup;
			children = (
				ECDA3AC81714D4DD000036C2 /* libs */,
				ECDA3ACD1714D4DD000036C2 /* src */,
			);
			name = ofxXmlSettings;
			path = ../../../addons/ofxXmlSettings;
			sourceTree = "<group>";
		};
		ECDA3AC81714D4DD000036C2 /* libs */ = {
			isa = PBXGroup;
			children = (
				ECDA3AC91714D4DD000036C2 /* tinyxml.cpp */,
				ECDA3ACA1714D4DD000036C2 /* tinyxml.h */,
				ECDA3ACB1714D4DD000036C2 /* tinyxmlerror.cpp */,
				ECDA3ACC1714D4DD000036C2 /* tinyxmlparser.cpp */,
			);
			path = libs;
			sourceTree = "<group>";
		};
		ECDA3ACD1714D4DD000036C2 /* src */ = {
			isa = PBXGroup;
			children = (
				ECDA3ACE1714D4DD000036C2 /* ofxXmlSettings.cpp */,
				ECDA3ACF1714D4DD000036C2 /* ofxXmlSettings.h */,
			);
			path = src;
			sourceTree = "<group>";
		};
		ECFFE92D175CFAA500980F00 /* ofxGestureRecognizer */ = {
			isa = PBXGroup;
			children = (
				ECFFE92E175CFAA500980F00 /* .gitignore */,
				ECFFE92F175CFAA500980F00 /* README.md */,
				ECFFE930175CFAA500980F00 /* src */,
			);
			name = ofxGestureRecognizer;
			path = ../../../addons/ofxGestureRecognizer;
			sourceTree = "<group>";
		};
		ECFFE930175CFAA500980F00 /* src */ = {
			isa = PBXGroup;
			children = (
				ECFFE931175CFAA500980F00 /* ofPanGestureRecognizer.h */,
				ECFFE932175CFAA500980F00 /* ofPanGestureRecognizer.m */,
				ECFFE933175CFAA500980F00 /* ofPinchGestureRecognizer.h */,
				ECFFE934175CFAA500980F00 /* ofPinchGestureRecognizer.m */,
				ECFFE935175CFAA500980F00 /* ofSwipeGestureRecognizer.h */,
				ECFFE936175CFAA500980F00 /* ofSwipeGestureRecognizer.m */,
				ECFFE937175CFAA500980F00 /* ofTapGestureRecognizer.h */,
				ECFFE938175CFAA500980F00 /* ofTapGestureRecognizer.m */,
			);
			path = src;
			sourceTree = "<group>";
		};
		ECFFE93F175CFAC800980F00 /* splash */ = {
			isa = PBXGroup;
			children = (
				ECFFE940175CFAC800980F00 /* splashNav.cpp */,
				ECFFE941175CFAC800980F00 /* splashNav.h */,
				ECC73799175D07A800C7DE79 /* splashSection.cpp */,
				ECC7379A175D07A800C7DE79 /* splashSection.h */,
			);
			path = splash;
			sourceTree = "<group>";
		};
/* End PBXGroup section */

/* Begin PBXNativeTarget section */
		1D6058900D05DD3D006BFB54 /* Breadcrumbs */ = {
			isa = PBXNativeTarget;
			buildConfigurationList = 1D6058960D05DD3E006BFB54 /* Build configuration list for PBXNativeTarget "Breadcrumbs" */;
			buildPhases = (
				1D60588D0D05DD3D006BFB54 /* Resources */,
				1D60588E0D05DD3D006BFB54 /* Sources */,
				1D60588F0D05DD3D006BFB54 /* Frameworks */,
				9255DD331112741900D6945E /* ShellScript */,
			);
			buildRules = (
			);
			dependencies = (
				E41D410413B3A11300A75A5D /* PBXTargetDependency */,
			);
			name = Breadcrumbs;
			productName = iPhone;
			productReference = 1D6058910D05DD3D006BFB54 /* Breadcrumbs.app */;
			productType = "com.apple.product-type.application";
		};
/* End PBXNativeTarget section */

/* Begin PBXProject section */
		29B97313FDCFA39411CA2CEA /* Project object */ = {
			isa = PBXProject;
			buildConfigurationList = C01FCF4E08A954540054247B /* Build configuration list for PBXProject "Breadcrumbs" */;
			compatibilityVersion = "Xcode 3.1";
			developmentRegion = English;
			hasScannedForEncodings = 1;
			knownRegions = (
				English,
				Japanese,
				French,
				German,
			);
			mainGroup = 29B97314FDCFA39411CA2CEA /* CustomTemplate */;
			projectDirPath = "";
			projectReferences = (
				{
					ProductGroup = E41D40FE13B3A0D800A75A5D /* Products */;
					ProjectRef = E41D40FD13B3A0D800A75A5D /* iOS+OFLib.xcodeproj */;
				},
			);
			projectRoot = "";
			targets = (
				1D6058900D05DD3D006BFB54 /* Breadcrumbs */,
			);
		};
/* End PBXProject section */

/* Begin PBXReferenceProxy section */
		E41D410213B3A0D800A75A5D /* libofxiPhone_iphoneos_Debug.a */ = {
			isa = PBXReferenceProxy;
			fileType = archive.ar;
			path = libofxiPhone_iphoneos_Debug.a;
			remoteRef = E41D410113B3A0D800A75A5D /* PBXContainerItemProxy */;
			sourceTree = BUILT_PRODUCTS_DIR;
		};
/* End PBXReferenceProxy section */

/* Begin PBXResourcesBuildPhase section */
		1D60588D0D05DD3D006BFB54 /* Resources */ = {
			isa = PBXResourcesBuildPhase;
			buildActionMask = 2147483647;
			files = (
				BB24DDCA10DA781C00E9C588 /* ofxiphone-Info.plist in Resources */,
				E41D3ED713B38FB500A75A5D /* Project.xcconfig in Resources */,
				E41D3EE613B3906D00A75A5D /* CoreOF.xcconfig in Resources */,
				EC3113FE171F3893001D2F35 /* EDesignLabLogo72x72.png in Resources */,
				EC311400171F389B001D2F35 /* EDesignLabLogo144x144.png in Resources */,
				EC31140C171F3940001D2F35 /* Default-Portrait~ipad.png in Resources */,
				EC31140E171F3944001D2F35 /* Default-Portrait@2x~ipad.png in Resources */,
				ECFFE939175CFAA500980F00 /* .gitignore in Resources */,
				ECFFE93A175CFAA500980F00 /* README.md in Resources */,
			);
			runOnlyForDeploymentPostprocessing = 0;
		};
/* End PBXResourcesBuildPhase section */

/* Begin PBXShellScriptBuildPhase section */
		9255DD331112741900D6945E /* ShellScript */ = {
			isa = PBXShellScriptBuildPhase;
			buildActionMask = 2147483647;
			files = (
			);
			inputPaths = (
			);
			outputPaths = (
			);
			runOnlyForDeploymentPostprocessing = 0;
			shellPath = /bin/sh;
			shellScript = "cp -rf bin/data/ \"$TARGET_BUILD_DIR/$PRODUCT_NAME.app\"\n";
		};
/* End PBXShellScriptBuildPhase section */

/* Begin PBXSourcesBuildPhase section */
		1D60588E0D05DD3D006BFB54 /* Sources */ = {
			isa = PBXSourcesBuildPhase;
			buildActionMask = 2147483647;
			files = (
				E4D8936E11527B74007E1F53 /* main.mm in Sources */,
				E4D8936F11527B74007E1F53 /* testApp.mm in Sources */,
				EC9D031E1713312200591838 /* drawing.cpp in Sources */,
				ECDA3AD01714D4DD000036C2 /* tinyxml.cpp in Sources */,
				ECDA3AD11714D4DD000036C2 /* tinyxmlerror.cpp in Sources */,
				ECDA3AD21714D4DD000036C2 /* tinyxmlparser.cpp in Sources */,
				ECDA3AD31714D4DD000036C2 /* ofxXmlSettings.cpp in Sources */,
				EC0B146E1714F4E8006DDB40 /* image.cpp in Sources */,
				ECCFA4A41715F2EB00C04311 /* text.cpp in Sources */,
				EC308C0617274A3600E0F06F /* ofxEasyRetina.mm in Sources */,
				EC308C0717274A3600E0F06F /* ofxiOSEAGLView+retinaPatch.mm in Sources */,
				EC308C0817274A3600E0F06F /* ofxRetinaTrueTypeFont.mm in Sources */,
				EC2DEAA41729E262004F16DA /* uiCreate.cpp in Sources */,
				EC2DEAA91729E4B1004F16DA /* uiPresent.cpp in Sources */,
				EC2DEAAA1729E4B1004F16DA /* uiReflect.cpp in Sources */,
				EC2DEAB01729E6C7004F16DA /* button.cpp in Sources */,
				EC2DEAB11729E6C7004F16DA /* nav.cpp in Sources */,
				EC2DEAB51729E9B0004F16DA /* problemMathOne.cpp in Sources */,
				EC978E7617345146002A7612 /* flagState.cpp in Sources */,
				EC8D772C174E7389006F428F /* problemMathThree.cpp in Sources */,
				EC8D772D174E7389006F428F /* problemMathTwo.cpp in Sources */,
				ECFFE93B175CFAA500980F00 /* ofPanGestureRecognizer.m in Sources */,
				ECFFE93C175CFAA500980F00 /* ofPinchGestureRecognizer.m in Sources */,
				ECFFE93D175CFAA500980F00 /* ofSwipeGestureRecognizer.m in Sources */,
				ECFFE93E175CFAA500980F00 /* ofTapGestureRecognizer.m in Sources */,
				ECFFE942175CFAC800980F00 /* splashNav.cpp in Sources */,
				ECC7379B175D07A800C7DE79 /* splashSection.cpp in Sources */,
				EC0D8D1D175E7F5F00EEAEC3 /* saveMathOne.cpp in Sources */,
				ECEE463817604B5900A167DD /* saveMathThree.cpp in Sources */,
				ECEE463917604B5900A167DD /* saveMathTwo.cpp in Sources */,
			);
			runOnlyForDeploymentPostprocessing = 0;
		};
/* End PBXSourcesBuildPhase section */

/* Begin PBXTargetDependency section */
		E41D410413B3A11300A75A5D /* PBXTargetDependency */ = {
			isa = PBXTargetDependency;
			name = "iPhone+OF Static Library";
			targetProxy = E41D410313B3A11300A75A5D /* PBXContainerItemProxy */;
		};
/* End PBXTargetDependency section */

/* Begin XCBuildConfiguration section */
		1D6058940D05DD3E006BFB54 /* Debug */ = {
			isa = XCBuildConfiguration;
			buildSettings = {
				ALWAYS_SEARCH_USER_PATHS = NO;
				GCC_PRECOMPILE_PREFIX_HEADER = YES;
				GCC_PREFIX_HEADER = iPhone_Prefix.pch;
				INFOPLIST_FILE = "ofxiphone-Info.plist";
				IPHONEOS_DEPLOYMENT_TARGET = 6.1;
				PRODUCT_NAME = Breadcrumbs;
				SKIP_INSTALL = NO;
				TARGETED_DEVICE_FAMILY = 2;
				VALID_ARCHS = "armv6 armv7";
			};
			name = Debug;
		};
		1D6058950D05DD3E006BFB54 /* Release */ = {
			isa = XCBuildConfiguration;
			buildSettings = {
				GCC_PRECOMPILE_PREFIX_HEADER = YES;
				GCC_PREFIX_HEADER = iPhone_Prefix.pch;
				INFOPLIST_FILE = "ofxiphone-Info.plist";
				IPHONEOS_DEPLOYMENT_TARGET = 6.1;
				PRODUCT_NAME = Breadcrumbs;
				SKIP_INSTALL = NO;
				TARGETED_DEVICE_FAMILY = 2;
				VALID_ARCHS = "armv6 armv7";
			};
			name = Release;
		};
		C01FCF4F08A954540054247B /* Debug */ = {
			isa = XCBuildConfiguration;
			baseConfigurationReference = E41D3ED613B38FB500A75A5D /* Project.xcconfig */;
			buildSettings = {
				ALWAYS_SEARCH_USER_PATHS = YES;
				ARCHS = "$(ARCHS_STANDARD_32_BIT)";
				CODE_SIGN_IDENTITY = "";
				"CODE_SIGN_IDENTITY[sdk=iphoneos*]" = "iPhone Developer";
				COMPRESS_PNG_FILES = NO;
				GCC_C_LANGUAGE_STANDARD = c99;
				GCC_OPTIMIZATION_LEVEL = 0;
				GCC_SYMBOLS_PRIVATE_EXTERN = NO;
				GCC_WARN_ABOUT_DEPRECATED_FUNCTIONS = NO;
				GCC_WARN_ABOUT_INVALID_OFFSETOF_MACRO = NO;
				GCC_WARN_ABOUT_POINTER_SIGNEDNESS = NO;
				GCC_WARN_ABOUT_RETURN_TYPE = YES;
				GCC_WARN_ALLOW_INCOMPLETE_PROTOCOL = NO;
				GCC_WARN_PROTOTYPE_CONVERSION = NO;
				GCC_WARN_UNUSED_VARIABLE = YES;
				HEADER_SEARCH_PATHS = (
					"$(OF_CORE_HEADERS)",
					src,
				);
				IPHONEOS_DEPLOYMENT_TARGET = 3.1;
				ONLY_ACTIVE_ARCH = NO;
				PREBINDING = NO;
				"PROVISIONING_PROFILE[sdk=iphoneos*]" = "";
				SDKROOT = iphoneos;
				SKIP_INSTALL = YES;
				TARGETED_DEVICE_FAMILY = 1;
				WARNING_LDFLAGS = "-no_arch_warnings";
			};
			name = Debug;
		};
		C01FCF5008A954540054247B /* Release */ = {
			isa = XCBuildConfiguration;
			baseConfigurationReference = E41D3ED613B38FB500A75A5D /* Project.xcconfig */;
			buildSettings = {
				ALWAYS_SEARCH_USER_PATHS = YES;
				ARCHS = "$(ARCHS_STANDARD_32_BIT)";
				CODE_SIGN_IDENTITY = "";
				"CODE_SIGN_IDENTITY[sdk=iphoneos*]" = "iPhone Developer";
				COMPRESS_PNG_FILES = NO;
				GCC_C_LANGUAGE_STANDARD = c99;
				GCC_DYNAMIC_NO_PIC = YES;
				GCC_GENERATE_DEBUGGING_SYMBOLS = NO;
				GCC_OPTIMIZATION_LEVEL = 3;
				GCC_SYMBOLS_PRIVATE_EXTERN = NO;
				GCC_THUMB_SUPPORT = NO;
				GCC_WARN_ABOUT_RETURN_TYPE = YES;
				GCC_WARN_UNUSED_VARIABLE = YES;
				HEADER_SEARCH_PATHS = (
					"$(OF_CORE_HEADERS)",
					src,
				);
				IPHONEOS_DEPLOYMENT_TARGET = 3.1;
				ONLY_ACTIVE_ARCH = NO;
				PREBINDING = NO;
				SDKROOT = iphoneos;
				SKIP_INSTALL = YES;
				TARGETED_DEVICE_FAMILY = 1;
				WARNING_LDFLAGS = "-no_arch_warnings";
			};
			name = Release;
		};
/* End XCBuildConfiguration section */

/* Begin XCConfigurationList section */
		1D6058960D05DD3E006BFB54 /* Build configuration list for PBXNativeTarget "Breadcrumbs" */ = {
			isa = XCConfigurationList;
			buildConfigurations = (
				1D6058940D05DD3E006BFB54 /* Debug */,
				1D6058950D05DD3E006BFB54 /* Release */,
			);
			defaultConfigurationIsVisible = 0;
			defaultConfigurationName = Release;
		};
		C01FCF4E08A954540054247B /* Build configuration list for PBXProject "Breadcrumbs" */ = {
			isa = XCConfigurationList;
			buildConfigurations = (
				C01FCF4F08A954540054247B /* Debug */,
				C01FCF5008A954540054247B /* Release */,
			);
			defaultConfigurationIsVisible = 0;
			defaultConfigurationName = Release;
		};
/* End XCConfigurationList section */
	};
	rootObject = 29B97313FDCFA39411CA2CEA /* Project object */;
}
